
Microsoft Visual Studio Solution File, Format Version 12.00
# Visual Studio Version 16
VisualStudioVersion = 16.0.32002.261
MinimumVisualStudioVersion = 10.0.40219.1
Project("{FAE04EC0-301F-11D3-BF4B-00C04F79EFBC}") = "fel", "fel\fel.csproj", "{479B8D47-899F-48F8-9653-8897500502E4}"
EndProject
Project("{FAE04EC0-301F-11D3-BF4B-00C04F79EFBC}") = "fel-gui", "fel-gui\fel-gui.csproj", "{54E7AA09-7D2E-40D9-A93D-5BBEB5D58C68}"
EndProject
Global
	GlobalSection(SolutionConfigurationPlatforms) = preSolution
		Debug|Any CPU = Debug|Any CPU
		Release|Any CPU = Release|Any CPU
	EndGlobalSection
	GlobalSection(ProjectConfigurationPlatforms) = postSolution
		{479B8D47-899F-48F8-9653-8897500502E4}.Debug|Any CPU.ActiveCfg = Debug|Any CPU
		{479B8D47-899F-48F8-9653-8897500502E4}.Debug|Any CPU.Build.0 = Debug|Any CPU
		{479B8D47-899F-48F8-9653-8897500502E4}.Release|Any CPU.ActiveCfg = Release|Any CPU
		{479B8D47-899F-48F8-9653-8897500502E4}.Release|Any CPU.Build.0 = Release|Any CPU
		{54E7AA09-7D2E-40D9-A93D-5BBEB5D58C68}.Debug|Any CPU.ActiveCfg = Debug|Any CPU
		{54E7AA09-7D2E-40D9-A93D-5BBEB5D58C68}.Debug|Any CPU.Build.0 = Debug|Any CPU
		{54E7AA09-7D2E-40D9-A93D-5BBEB5D58C68}.Release|Any CPU.ActiveCfg = Release|Any CPU
		{54E7AA09-7D2E-40D9-A93D-5BBEB5D58C68}.Release|Any CPU.Build.0 = Release|Any CPU
	EndGlobalSection
	GlobalSection(SolutionProperties) = preSolution
		HideSolutionNode = FALSE
	EndGlobalSection
	GlobalSection(ExtensibilityGlobals) = postSolution
		SolutionGuid = {2F0D636E-D0C1-4F69-8078-A10828828FA8}
	EndGlobalSection
EndGlobal
